
Microsoft Visual Studio Solution File, Format Version 12.00
# Visual Studio 15
VisualStudioVersion = 15.0.28307.1684
MinimumVisualStudioVersion = 10.0.40219.1
Project("{FAE04EC0-301F-11D3-BF4B-00C04F79EFBC}") = "Ejercicio1", "Ejercicio1\Ejercicio1.csproj", "{5FA3B2AF-1791-4E07-86E6-B14788F805DF}"
EndProject
Global
	GlobalSection(SolutionConfigurationPlatforms) = preSolution
		Debug|Any CPU = Debug|Any CPU
		Release|Any CPU = Release|Any CPU
	EndGlobalSection
	GlobalSection(ProjectConfigurationPlatforms) = postSolution
		{5FA3B2AF-1791-4E07-86E6-B14788F805DF}.Debug|Any CPU.ActiveCfg = Debug|Any CPU
		{5FA3B2AF-1791-4E07-86E6-B14788F805DF}.Debug|Any CPU.Build.0 = Debug|Any CPU
		{5FA3B2AF-1791-4E07-86E6-B14788F805DF}.Release|Any CPU.ActiveCfg = Release|Any CPU
		{5FA3B2AF-1791-4E07-86E6-B14788F805DF}.Release|Any CPU.Build.0 = Release|Any CPU
	EndGlobalSection
	GlobalSection(SolutionProperties) = preSolution
		HideSolutionNode = FALSE
	EndGlobalSection
	GlobalSection(ExtensibilityGlobals) = postSolution
		SolutionGuid = {EE8E4015-1A48-458E-8ECA-298A34DD435D}
	EndGlobalSection
EndGlobal
