
Microsoft Visual Studio Solution File, Format Version 12.00
# Visual Studio 15
VisualStudioVersion = 15.0.28307.1684
MinimumVisualStudioVersion = 10.0.40219.1
Project("{FAE04EC0-301F-11D3-BF4B-00C04F79EFBC}") = "07Dibujo", "07Dibujo\07Dibujo.csproj", "{79A11E1E-8B1F-4C83-965E-8D6445A91D47}"
EndProject
Global
	GlobalSection(SolutionConfigurationPlatforms) = preSolution
		Debug|Any CPU = Debug|Any CPU
		Release|Any CPU = Release|Any CPU
	EndGlobalSection
	GlobalSection(ProjectConfigurationPlatforms) = postSolution
		{79A11E1E-8B1F-4C83-965E-8D6445A91D47}.Debug|Any CPU.ActiveCfg = Debug|Any CPU
		{79A11E1E-8B1F-4C83-965E-8D6445A91D47}.Debug|Any CPU.Build.0 = Debug|Any CPU
		{79A11E1E-8B1F-4C83-965E-8D6445A91D47}.Release|Any CPU.ActiveCfg = Release|Any CPU
		{79A11E1E-8B1F-4C83-965E-8D6445A91D47}.Release|Any CPU.Build.0 = Release|Any CPU
	EndGlobalSection
	GlobalSection(SolutionProperties) = preSolution
		HideSolutionNode = FALSE
	EndGlobalSection
	GlobalSection(ExtensibilityGlobals) = postSolution
		SolutionGuid = {B99A30E5-1729-41F1-9E6B-62E8A7D92B41}
	EndGlobalSection
EndGlobal
