
Microsoft Visual Studio Solution File, Format Version 12.00
# Visual Studio 15
VisualStudioVersion = 15.0.28307.1684
MinimumVisualStudioVersion = 10.0.40219.1
Project("{FAE04EC0-301F-11D3-BF4B-00C04F79EFBC}") = "EditorGrafico", "EditorGrafico\EditorGrafico.csproj", "{1B3CA2AB-CA3C-4A8B-B1A1-4D92806E349B}"
EndProject
Global
	GlobalSection(SolutionConfigurationPlatforms) = preSolution
		Debug|Any CPU = Debug|Any CPU
		Release|Any CPU = Release|Any CPU
	EndGlobalSection
	GlobalSection(ProjectConfigurationPlatforms) = postSolution
		{1B3CA2AB-CA3C-4A8B-B1A1-4D92806E349B}.Debug|Any CPU.ActiveCfg = Debug|Any CPU
		{1B3CA2AB-CA3C-4A8B-B1A1-4D92806E349B}.Debug|Any CPU.Build.0 = Debug|Any CPU
		{1B3CA2AB-CA3C-4A8B-B1A1-4D92806E349B}.Release|Any CPU.ActiveCfg = Release|Any CPU
		{1B3CA2AB-CA3C-4A8B-B1A1-4D92806E349B}.Release|Any CPU.Build.0 = Release|Any CPU
	EndGlobalSection
	GlobalSection(SolutionProperties) = preSolution
		HideSolutionNode = FALSE
	EndGlobalSection
	GlobalSection(ExtensibilityGlobals) = postSolution
		SolutionGuid = {897A1746-F217-4BF9-8889-5F59B92D1BC3}
	EndGlobalSection
EndGlobal
