
Microsoft Visual Studio Solution File, Format Version 12.00
# Visual Studio 15
VisualStudioVersion = 15.0.28307.1684
MinimumVisualStudioVersion = 10.0.40219.1
Project("{FAE04EC0-301F-11D3-BF4B-00C04F79EFBC}") = "01Datos", "01Datos\01Datos.csproj", "{32963573-2916-427A-9A86-ECC9C23A0501}"
EndProject
Global
	GlobalSection(SolutionConfigurationPlatforms) = preSolution
		Debug|Any CPU = Debug|Any CPU
		Release|Any CPU = Release|Any CPU
	EndGlobalSection
	GlobalSection(ProjectConfigurationPlatforms) = postSolution
		{32963573-2916-427A-9A86-ECC9C23A0501}.Debug|Any CPU.ActiveCfg = Debug|Any CPU
		{32963573-2916-427A-9A86-ECC9C23A0501}.Debug|Any CPU.Build.0 = Debug|Any CPU
		{32963573-2916-427A-9A86-ECC9C23A0501}.Release|Any CPU.ActiveCfg = Release|Any CPU
		{32963573-2916-427A-9A86-ECC9C23A0501}.Release|Any CPU.Build.0 = Release|Any CPU
	EndGlobalSection
	GlobalSection(SolutionProperties) = preSolution
		HideSolutionNode = FALSE
	EndGlobalSection
	GlobalSection(ExtensibilityGlobals) = postSolution
		SolutionGuid = {4FA72646-076F-4835-90D1-938C38CA6998}
	EndGlobalSection
EndGlobal
