
Microsoft Visual Studio Solution File, Format Version 12.00
# Visual Studio 15
VisualStudioVersion = 15.0.28307.1684
MinimumVisualStudioVersion = 10.0.40219.1
Project("{FAE04EC0-301F-11D3-BF4B-00C04F79EFBC}") = "Ejercicio4", "Ejercicio4\Ejercicio4.csproj", "{2D01EE7C-DC55-412E-8176-5D0477116699}"
EndProject
Global
	GlobalSection(SolutionConfigurationPlatforms) = preSolution
		Debug|Any CPU = Debug|Any CPU
		Release|Any CPU = Release|Any CPU
	EndGlobalSection
	GlobalSection(ProjectConfigurationPlatforms) = postSolution
		{2D01EE7C-DC55-412E-8176-5D0477116699}.Debug|Any CPU.ActiveCfg = Debug|Any CPU
		{2D01EE7C-DC55-412E-8176-5D0477116699}.Debug|Any CPU.Build.0 = Debug|Any CPU
		{2D01EE7C-DC55-412E-8176-5D0477116699}.Release|Any CPU.ActiveCfg = Release|Any CPU
		{2D01EE7C-DC55-412E-8176-5D0477116699}.Release|Any CPU.Build.0 = Release|Any CPU
	EndGlobalSection
	GlobalSection(SolutionProperties) = preSolution
		HideSolutionNode = FALSE
	EndGlobalSection
	GlobalSection(ExtensibilityGlobals) = postSolution
		SolutionGuid = {11BEDFB1-EB14-4EAE-A90E-FF35F7EF2800}
	EndGlobalSection
EndGlobal
