
Microsoft Visual Studio Solution File, Format Version 12.00
# Visual Studio 15
VisualStudioVersion = 15.0.28307.1684
MinimumVisualStudioVersion = 10.0.40219.1
Project("{FAE04EC0-301F-11D3-BF4B-00C04F79EFBC}") = "03Datos", "03Datos\03Datos.csproj", "{20533495-BD99-4EB5-BB61-5603D905780D}"
EndProject
Global
	GlobalSection(SolutionConfigurationPlatforms) = preSolution
		Debug|Any CPU = Debug|Any CPU
		Release|Any CPU = Release|Any CPU
	EndGlobalSection
	GlobalSection(ProjectConfigurationPlatforms) = postSolution
		{20533495-BD99-4EB5-BB61-5603D905780D}.Debug|Any CPU.ActiveCfg = Debug|Any CPU
		{20533495-BD99-4EB5-BB61-5603D905780D}.Debug|Any CPU.Build.0 = Debug|Any CPU
		{20533495-BD99-4EB5-BB61-5603D905780D}.Release|Any CPU.ActiveCfg = Release|Any CPU
		{20533495-BD99-4EB5-BB61-5603D905780D}.Release|Any CPU.Build.0 = Release|Any CPU
	EndGlobalSection
	GlobalSection(SolutionProperties) = preSolution
		HideSolutionNode = FALSE
	EndGlobalSection
	GlobalSection(ExtensibilityGlobals) = postSolution
		SolutionGuid = {568F94D8-69E3-40EE-B1C6-0B8EE905C4E6}
	EndGlobalSection
EndGlobal
