
Microsoft Visual Studio Solution File, Format Version 12.00
# Visual Studio 15
VisualStudioVersion = 15.0.28307.1684
MinimumVisualStudioVersion = 10.0.40219.1
Project("{FAE04EC0-301F-11D3-BF4B-00C04F79EFBC}") = "05MiniEditor", "05MiniEditor\05MiniEditor.csproj", "{D89714A4-B7E8-4091-A6EC-F0E49E9813CC}"
EndProject
Global
	GlobalSection(SolutionConfigurationPlatforms) = preSolution
		Debug|Any CPU = Debug|Any CPU
		Release|Any CPU = Release|Any CPU
	EndGlobalSection
	GlobalSection(ProjectConfigurationPlatforms) = postSolution
		{D89714A4-B7E8-4091-A6EC-F0E49E9813CC}.Debug|Any CPU.ActiveCfg = Debug|Any CPU
		{D89714A4-B7E8-4091-A6EC-F0E49E9813CC}.Debug|Any CPU.Build.0 = Debug|Any CPU
		{D89714A4-B7E8-4091-A6EC-F0E49E9813CC}.Release|Any CPU.ActiveCfg = Release|Any CPU
		{D89714A4-B7E8-4091-A6EC-F0E49E9813CC}.Release|Any CPU.Build.0 = Release|Any CPU
	EndGlobalSection
	GlobalSection(SolutionProperties) = preSolution
		HideSolutionNode = FALSE
	EndGlobalSection
	GlobalSection(ExtensibilityGlobals) = postSolution
		SolutionGuid = {6F188178-3969-4E90-8505-A7BFB46A4BDE}
	EndGlobalSection
EndGlobal
