
Microsoft Visual Studio Solution File, Format Version 12.00
# Visual Studio 15
VisualStudioVersion = 15.0.28307.1684
MinimumVisualStudioVersion = 10.0.40219.1
Project("{FAE04EC0-301F-11D3-BF4B-00C04F79EFBC}") = "exafin", "exafin\exafin.csproj", "{F12FAA56-4665-4FFC-8E3D-8D6FB06A68EE}"
EndProject
Global
	GlobalSection(SolutionConfigurationPlatforms) = preSolution
		Debug|Any CPU = Debug|Any CPU
		Release|Any CPU = Release|Any CPU
	EndGlobalSection
	GlobalSection(ProjectConfigurationPlatforms) = postSolution
		{F12FAA56-4665-4FFC-8E3D-8D6FB06A68EE}.Debug|Any CPU.ActiveCfg = Debug|Any CPU
		{F12FAA56-4665-4FFC-8E3D-8D6FB06A68EE}.Debug|Any CPU.Build.0 = Debug|Any CPU
		{F12FAA56-4665-4FFC-8E3D-8D6FB06A68EE}.Release|Any CPU.ActiveCfg = Release|Any CPU
		{F12FAA56-4665-4FFC-8E3D-8D6FB06A68EE}.Release|Any CPU.Build.0 = Release|Any CPU
	EndGlobalSection
	GlobalSection(SolutionProperties) = preSolution
		HideSolutionNode = FALSE
	EndGlobalSection
	GlobalSection(ExtensibilityGlobals) = postSolution
		SolutionGuid = {EBB520CE-3283-4FE7-AFDF-F80A1B055E88}
	EndGlobalSection
EndGlobal
