
Microsoft Visual Studio Solution File, Format Version 12.00
# Visual Studio 15
VisualStudioVersion = 15.0.28307.1684
MinimumVisualStudioVersion = 10.0.40219.1
Project("{FAE04EC0-301F-11D3-BF4B-00C04F79EFBC}") = "proyectoFinal", "proyectoFinal\proyectoFinal.csproj", "{FB3DCCEA-83C3-4076-AAB8-19DC2671BE5C}"
EndProject
Global
	GlobalSection(SolutionConfigurationPlatforms) = preSolution
		Debug|Any CPU = Debug|Any CPU
		Release|Any CPU = Release|Any CPU
	EndGlobalSection
	GlobalSection(ProjectConfigurationPlatforms) = postSolution
		{FB3DCCEA-83C3-4076-AAB8-19DC2671BE5C}.Debug|Any CPU.ActiveCfg = Debug|Any CPU
		{FB3DCCEA-83C3-4076-AAB8-19DC2671BE5C}.Debug|Any CPU.Build.0 = Debug|Any CPU
		{FB3DCCEA-83C3-4076-AAB8-19DC2671BE5C}.Release|Any CPU.ActiveCfg = Release|Any CPU
		{FB3DCCEA-83C3-4076-AAB8-19DC2671BE5C}.Release|Any CPU.Build.0 = Release|Any CPU
	EndGlobalSection
	GlobalSection(SolutionProperties) = preSolution
		HideSolutionNode = FALSE
	EndGlobalSection
	GlobalSection(ExtensibilityGlobals) = postSolution
		SolutionGuid = {D7E7212F-AE55-4B60-A534-F234521F1AFD}
	EndGlobalSection
EndGlobal
