
Microsoft Visual Studio Solution File, Format Version 12.00
# Visual Studio 15
VisualStudioVersion = 15.0.28307.1684
MinimumVisualStudioVersion = 10.0.40219.1
Project("{FAE04EC0-301F-11D3-BF4B-00C04F79EFBC}") = "06Editor", "06Editor\06Editor.csproj", "{35DAC113-FC7F-4C89-BF7F-05788C94CAA0}"
EndProject
Project("{54435603-DBB4-11D2-8724-00A0C9A8B90C}") = "Setup", "..\..\proyectoAyuda\Setup\Setup.vdproj", "{C07F9C41-FEC4-4E9F-A46D-CCB159211A64}"
EndProject
Global
	GlobalSection(SolutionConfigurationPlatforms) = preSolution
		Debug|Any CPU = Debug|Any CPU
		Release|Any CPU = Release|Any CPU
	EndGlobalSection
	GlobalSection(ProjectConfigurationPlatforms) = postSolution
		{35DAC113-FC7F-4C89-BF7F-05788C94CAA0}.Debug|Any CPU.ActiveCfg = Debug|Any CPU
		{35DAC113-FC7F-4C89-BF7F-05788C94CAA0}.Debug|Any CPU.Build.0 = Debug|Any CPU
		{35DAC113-FC7F-4C89-BF7F-05788C94CAA0}.Release|Any CPU.ActiveCfg = Release|Any CPU
		{35DAC113-FC7F-4C89-BF7F-05788C94CAA0}.Release|Any CPU.Build.0 = Release|Any CPU
		{C07F9C41-FEC4-4E9F-A46D-CCB159211A64}.Debug|Any CPU.ActiveCfg = Debug
		{C07F9C41-FEC4-4E9F-A46D-CCB159211A64}.Release|Any CPU.ActiveCfg = Release
	EndGlobalSection
	GlobalSection(SolutionProperties) = preSolution
		HideSolutionNode = FALSE
	EndGlobalSection
	GlobalSection(ExtensibilityGlobals) = postSolution
		SolutionGuid = {08E2E987-26B6-4536-98A3-760359DB6451}
	EndGlobalSection
EndGlobal
